// !$*UTF8*$!
{
	archiveVersion = 1;
	classes = {
	};
	objectVersion = 48;
	objects = {

/* Begin PBXBuildFile section */
		FE7200C1202B6DD5003217B9 /* AppDelegate.m in Sources */ = {isa = PBXBuildFile; fileRef = FE7200C0202B6DD5003217B9 /* AppDelegate.m */; };
		FE7200C4202B6DD5003217B9 /* ViewController.m in Sources */ = {isa = PBXBuildFile; fileRef = FE7200C3202B6DD5003217B9 /* ViewController.m */; };
		FE7200C7202B6DD5003217B9 /* Search.storyboard in Resources */ = {isa = PBXBuildFile; fileRef = FE7200C5202B6DD5003217B9 /* Search.storyboard */; };
		FE7200C9202B6DD5003217B9 /* Assets.xcassets in Resources */ = {isa = PBXBuildFile; fileRef = FE7200C8202B6DD5003217B9 /* Assets.xcassets */; };
		FE7200CC202B6DD5003217B9 /* LaunchScreen.storyboard in Resources */ = {isa = PBXBuildFile; fileRef = FE7200CA202B6DD5003217B9 /* LaunchScreen.storyboard */; };
		FE7200CF202B6DD5003217B9 /* main.m in Sources */ = {isa = PBXBuildFile; fileRef = FE7200CE202B6DD5003217B9 /* main.m */; };
		FE7200D7202B7943003217B9 /* NetworkManager.m in Sources */ = {isa = PBXBuildFile; fileRef = FE7200D6202B7943003217B9 /* NetworkManager.m */; };
		FE7200DA202B7978003217B9 /* Pet.m in Sources */ = {isa = PBXBuildFile; fileRef = FE7200D9202B7978003217B9 /* Pet.m */; };
		FE7200DC202B852B003217B9 /* Main.storyboard in Resources */ = {isa = PBXBuildFile; fileRef = FE7200DB202B852B003217B9 /* Main.storyboard */; };
		FE7200DE202B8538003217B9 /* Detail.storyboard in Resources */ = {isa = PBXBuildFile; fileRef = FE7200DD202B8538003217B9 /* Detail.storyboard */; };
		FE7200E6202B88B8003217B9 /* SearchViewController.m in Sources */ = {isa = PBXBuildFile; fileRef = FE7200E5202B88B8003217B9 /* SearchViewController.m */; };
		FE7200E9202B88E5003217B9 /* DetailViewController.m in Sources */ = {isa = PBXBuildFile; fileRef = FE7200E8202B88E5003217B9 /* DetailViewController.m */; };
		FE7200EC202B8906003217B9 /* PetTableViewCell.m in Sources */ = {isa = PBXBuildFile; fileRef = FE7200EB202B8906003217B9 /* PetTableViewCell.m */; };
		FE7200EF202BBCAD003217B9 /* Contact.m in Sources */ = {isa = PBXBuildFile; fileRef = FE7200EE202BBCAD003217B9 /* Contact.m */; };
/* End PBXBuildFile section */

/* Begin PBXFileReference section */
		FE7200BC202B6DD5003217B9 /* AdoptAPet.app */ = {isa = PBXFileReference; explicitFileType = wrapper.application; includeInIndex = 0; path = AdoptAPet.app; sourceTree = BUILT_PRODUCTS_DIR; };
		FE7200BF202B6DD5003217B9 /* AppDelegate.h */ = {isa = PBXFileReference; lastKnownFileType = sourcecode.c.h; path = AppDelegate.h; sourceTree = "<group>"; };
		FE7200C0202B6DD5003217B9 /* AppDelegate.m */ = {isa = PBXFileReference; lastKnownFileType = sourcecode.c.objc; path = AppDelegate.m; sourceTree = "<group>"; };
		FE7200C2202B6DD5003217B9 /* ViewController.h */ = {isa = PBXFileReference; lastKnownFileType = sourcecode.c.h; path = ViewController.h; sourceTree = "<group>"; };
		FE7200C3202B6DD5003217B9 /* ViewController.m */ = {isa = PBXFileReference; lastKnownFileType = sourcecode.c.objc; path = ViewController.m; sourceTree = "<group>"; };
		FE7200C6202B6DD5003217B9 /* Base */ = {isa = PBXFileReference; lastKnownFileType = file.storyboard; name = Base; path = Base.lproj/Search.storyboard; sourceTree = "<group>"; };
		FE7200C8202B6DD5003217B9 /* Assets.xcassets */ = {isa = PBXFileReference; lastKnownFileType = folder.assetcatalog; path = Assets.xcassets; sourceTree = "<group>"; };
		FE7200CB202B6DD5003217B9 /* Base */ = {isa = PBXFileReference; lastKnownFileType = file.storyboard; name = Base; path = Base.lproj/LaunchScreen.storyboard; sourceTree = "<group>"; };
		FE7200CD202B6DD5003217B9 /* Info.plist */ = {isa = PBXFileReference; lastKnownFileType = text.plist.xml; path = Info.plist; sourceTree = "<group>"; };
		FE7200CE202B6DD5003217B9 /* main.m */ = {isa = PBXFileReference; lastKnownFileType = sourcecode.c.objc; path = main.m; sourceTree = "<group>"; };
		FE7200D5202B7943003217B9 /* NetworkManager.h */ = {isa = PBXFileReference; lastKnownFileType = sourcecode.c.h; path = NetworkManager.h; sourceTree = "<group>"; };
		FE7200D6202B7943003217B9 /* NetworkManager.m */ = {isa = PBXFileReference; lastKnownFileType = sourcecode.c.objc; path = NetworkManager.m; sourceTree = "<group>"; };
		FE7200D8202B7978003217B9 /* Pet.h */ = {isa = PBXFileReference; lastKnownFileType = sourcecode.c.h; path = Pet.h; sourceTree = "<group>"; };
		FE7200D9202B7978003217B9 /* Pet.m */ = {isa = PBXFileReference; lastKnownFileType = sourcecode.c.objc; path = Pet.m; sourceTree = "<group>"; };
		FE7200DB202B852B003217B9 /* Main.storyboard */ = {isa = PBXFileReference; lastKnownFileType = file.storyboard; path = Main.storyboard; sourceTree = "<group>"; };
		FE7200DD202B8538003217B9 /* Detail.storyboard */ = {isa = PBXFileReference; lastKnownFileType = file.storyboard; path = Detail.storyboard; sourceTree = "<group>"; };
		FE7200E4202B88B8003217B9 /* SearchViewController.h */ = {isa = PBXFileReference; lastKnownFileType = sourcecode.c.h; path = SearchViewController.h; sourceTree = "<group>"; };
		FE7200E5202B88B8003217B9 /* SearchViewController.m */ = {isa = PBXFileReference; lastKnownFileType = sourcecode.c.objc; path = SearchViewController.m; sourceTree = "<group>"; };
		FE7200E7202B88E5003217B9 /* DetailViewController.h */ = {isa = PBXFileReference; lastKnownFileType = sourcecode.c.h; path = DetailViewController.h; sourceTree = "<group>"; };
		FE7200E8202B88E5003217B9 /* DetailViewController.m */ = {isa = PBXFileReference; lastKnownFileType = sourcecode.c.objc; path = DetailViewController.m; sourceTree = "<group>"; };
		FE7200EA202B8906003217B9 /* PetTableViewCell.h */ = {isa = PBXFileReference; lastKnownFileType = sourcecode.c.h; path = PetTableViewCell.h; sourceTree = "<group>"; };
		FE7200EB202B8906003217B9 /* PetTableViewCell.m */ = {isa = PBXFileReference; lastKnownFileType = sourcecode.c.objc; path = PetTableViewCell.m; sourceTree = "<group>"; };
		FE7200ED202BBCAD003217B9 /* Contact.h */ = {isa = PBXFileReference; lastKnownFileType = sourcecode.c.h; path = Contact.h; sourceTree = "<group>"; };
		FE7200EE202BBCAD003217B9 /* Contact.m */ = {isa = PBXFileReference; lastKnownFileType = sourcecode.c.objc; path = Contact.m; sourceTree = "<group>"; };
/* End PBXFileReference section */

/* Begin PBXFrameworksBuildPhase section */
		FE7200B9202B6DD5003217B9 /* Frameworks */ = {
			isa = PBXFrameworksBuildPhase;
			buildActionMask = 2147483647;
			files = (
			);
			runOnlyForDeploymentPostprocessing = 0;
		};
/* End PBXFrameworksBuildPhase section */

/* Begin PBXGroup section */
		FE7200B3202B6DD5003217B9 = {
			isa = PBXGroup;
			children = (
				FE7200BE202B6DD5003217B9 /* AdoptAPet */,
				FE7200BD202B6DD5003217B9 /* Products */,
			);
			sourceTree = "<group>";
		};
		FE7200BD202B6DD5003217B9 /* Products */ = {
			isa = PBXGroup;
			children = (
				FE7200BC202B6DD5003217B9 /* AdoptAPet.app */,
			);
			name = Products;
			sourceTree = "<group>";
		};
		FE7200BE202B6DD5003217B9 /* AdoptAPet */ = {
			isa = PBXGroup;
			children = (
				FE7200BF202B6DD5003217B9 /* AppDelegate.h */,
				FE7200C0202B6DD5003217B9 /* AppDelegate.m */,
				FE7200ED202BBCAD003217B9 /* Contact.h */,
				FE7200EE202BBCAD003217B9 /* Contact.m */,
				FE7200D8202B7978003217B9 /* Pet.h */,
				FE7200D9202B7978003217B9 /* Pet.m */,
				FE7200D5202B7943003217B9 /* NetworkManager.h */,
				FE7200D6202B7943003217B9 /* NetworkManager.m */,
				FE7200EA202B8906003217B9 /* PetTableViewCell.h */,
				FE7200EB202B8906003217B9 /* PetTableViewCell.m */,
				FE7200C2202B6DD5003217B9 /* ViewController.h */,
				FE7200C3202B6DD5003217B9 /* ViewController.m */,
				FE7200DB202B852B003217B9 /* Main.storyboard */,
				FE7200E7202B88E5003217B9 /* DetailViewController.h */,
				FE7200E8202B88E5003217B9 /* DetailViewController.m */,
				FE7200DD202B8538003217B9 /* Detail.storyboard */,
				FE7200E4202B88B8003217B9 /* SearchViewController.h */,
				FE7200E5202B88B8003217B9 /* SearchViewController.m */,
				FE7200C5202B6DD5003217B9 /* Search.storyboard */,
				FE7200C8202B6DD5003217B9 /* Assets.xcassets */,
				FE7200CA202B6DD5003217B9 /* LaunchScreen.storyboard */,
				FE7200CD202B6DD5003217B9 /* Info.plist */,
				FE7200CE202B6DD5003217B9 /* main.m */,
			);
			path = AdoptAPet;
			sourceTree = "<group>";
		};
/* End PBXGroup section */

/* Begin PBXNativeTarget section */
		FE7200BB202B6DD5003217B9 /* AdoptAPet */ = {
			isa = PBXNativeTarget;
			buildConfigurationList = FE7200D2202B6DD5003217B9 /* Build configuration list for PBXNativeTarget "AdoptAPet" */;
			buildPhases = (
				FE7200B8202B6DD5003217B9 /* Sources */,
				FE7200B9202B6DD5003217B9 /* Frameworks */,
				FE7200BA202B6DD5003217B9 /* Resources */,
			);
			buildRules = (
			);
			dependencies = (
			);
			name = AdoptAPet;
			productName = AdoptAPet;
			productReference = FE7200BC202B6DD5003217B9 /* AdoptAPet.app */;
			productType = "com.apple.product-type.application";
		};
/* End PBXNativeTarget section */

/* Begin PBXProject section */
		FE7200B4202B6DD5003217B9 /* Project object */ = {
			isa = PBXProject;
			attributes = {
				LastUpgradeCheck = 0920;
				ORGANIZATIONNAME = "Ryan Maksymic";
				TargetAttributes = {
					FE7200BB202B6DD5003217B9 = {
						CreatedOnToolsVersion = 9.2;
						ProvisioningStyle = Automatic;
					};
				};
			};
			buildConfigurationList = FE7200B7202B6DD5003217B9 /* Build configuration list for PBXProject "AdoptAPet" */;
			compatibilityVersion = "Xcode 8.0";
			developmentRegion = en;
			hasScannedForEncodings = 0;
			knownRegions = (
				en,
				Base,
			);
			mainGroup = FE7200B3202B6DD5003217B9;
			productRefGroup = FE7200BD202B6DD5003217B9 /* Products */;
			projectDirPath = "";
			projectRoot = "";
			targets = (
				FE7200BB202B6DD5003217B9 /* AdoptAPet */,
			);
		};
/* End PBXProject section */

/* Begin PBXResourcesBuildPhase section */
		FE7200BA202B6DD5003217B9 /* Resources */ = {
			isa = PBXResourcesBuildPhase;
			buildActionMask = 2147483647;
			files = (
				FE7200CC202B6DD5003217B9 /* LaunchScreen.storyboard in Resources */,
				FE7200C9202B6DD5003217B9 /* Assets.xcassets in Resources */,
				FE7200DC202B852B003217B9 /* Main.storyboard in Resources */,
				FE7200DE202B8538003217B9 /* Detail.storyboard in Resources */,
				FE7200C7202B6DD5003217B9 /* Search.storyboard in Resources */,
			);
			runOnlyForDeploymentPostprocessing = 0;
		};
/* End PBXResourcesBuildPhase section */

/* Begin PBXSourcesBuildPhase section */
		FE7200B8202B6DD5003217B9 /* Sources */ = {
			isa = PBXSourcesBuildPhase;
			buildActionMask = 2147483647;
			files = (
				FE7200D7202B7943003217B9 /* NetworkManager.m in Sources */,
				FE7200EC202B8906003217B9 /* PetTableViewCell.m in Sources */,
				FE7200C4202B6DD5003217B9 /* ViewController.m in Sources */,
				FE7200CF202B6DD5003217B9 /* main.m in Sources */,
				FE7200C1202B6DD5003217B9 /* AppDelegate.m in Sources */,
				FE7200E6202B88B8003217B9 /* SearchViewController.m in Sources */,
				FE7200DA202B7978003217B9 /* Pet.m in Sources */,
				FE7200EF202BBCAD003217B9 /* Contact.m in Sources */,
				FE7200E9202B88E5003217B9 /* DetailViewController.m in Sources */,
			);
			runOnlyForDeploymentPostprocessing = 0;
		};
/* End PBXSourcesBuildPhase section */

/* Begin PBXVariantGroup section */
		FE7200C5202B6DD5003217B9 /* Search.storyboard */ = {
			isa = PBXVariantGroup;
			children = (
				FE7200C6202B6DD5003217B9 /* Base */,
			);
			name = Search.storyboard;
			sourceTree = "<group>";
		};
		FE7200CA202B6DD5003217B9 /* LaunchScreen.storyboard */ = {
			isa = PBXVariantGroup;
			children = (
				FE7200CB202B6DD5003217B9 /* Base */,
			);
			name = LaunchScreen.storyboard;
			sourceTree = "<group>";
		};
/* End PBXVariantGroup section */

/* Begin XCBuildConfiguration section */
		FE7200D0202B6DD5003217B9 /* Debug */ = {
			isa = XCBuildConfiguration;
			buildSettings = {
				ALWAYS_SEARCH_USER_PATHS = NO;
				CLANG_ANALYZER_NONNULL = YES;
				CLANG_ANALYZER_NUMBER_OBJECT_CONVERSION = YES_AGGRESSIVE;
				CLANG_CXX_LANGUAGE_STANDARD = "gnu++14";
				CLANG_CXX_LIBRARY = "libc++";
				CLANG_ENABLE_MODULES = YES;
				CLANG_ENABLE_OBJC_ARC = YES;
				CLANG_WARN_BLOCK_CAPTURE_AUTORELEASING = YES;
				CLANG_WARN_BOOL_CONVERSION = YES;
				CLANG_WARN_COMMA = YES;
				CLANG_WARN_CONSTANT_CONVERSION = YES;
				CLANG_WARN_DIRECT_OBJC_ISA_USAGE = YES_ERROR;
				CLANG_WARN_DOCUMENTATION_COMMENTS = YES;
				CLANG_WARN_EMPTY_BODY = YES;
				CLANG_WARN_ENUM_CONVERSION = YES;
				CLANG_WARN_INFINITE_RECURSION = YES;
				CLANG_WARN_INT_CONVERSION = YES;
				CLANG_WARN_NON_LITERAL_NULL_CONVERSION = YES;
				CLANG_WARN_OBJC_LITERAL_CONVERSION = YES;
				CLANG_WARN_OBJC_ROOT_CLASS = YES_ERROR;
				CLANG_WARN_RANGE_LOOP_ANALYSIS = YES;
				CLANG_WARN_STRICT_PROTOTYPES = YES;
				CLANG_WARN_SUSPICIOUS_MOVE = YES;
				CLANG_WARN_UNGUARDED_AVAILABILITY = YES_AGGRESSIVE;
				CLANG_WARN_UNREACHABLE_CODE = YES;
				CLANG_WARN__DUPLICATE_METHOD_MATCH = YES;
				CODE_SIGN_IDENTITY = "iPhone Developer";
				COPY_PHASE_STRIP = NO;
				DEBUG_INFORMATION_FORMAT = dwarf;
				ENABLE_STRICT_OBJC_MSGSEND = YES;
				ENABLE_TESTABILITY = YES;
				GCC_C_LANGUAGE_STANDARD = gnu11;
				GCC_DYNAMIC_NO_PIC = NO;
				GCC_NO_COMMON_BLOCKS = YES;
				GCC_OPTIMIZATION_LEVEL = 0;
				GCC_PREPROCESSOR_DEFINITIONS = (
					"DEBUG=1",
					"$(inherited)",
				);
				GCC_WARN_64_TO_32_BIT_CONVERSION = YES;
				GCC_WARN_ABOUT_RETURN_TYPE = YES_ERROR;
				GCC_WARN_UNDECLARED_SELECTOR = YES;
				GCC_WARN_UNINITIALIZED_AUTOS = YES_AGGRESSIVE;
				GCC_WARN_UNUSED_FUNCTION = YES;
				GCC_WARN_UNUSED_VARIABLE = YES;
				IPHONEOS_DEPLOYMENT_TARGET = 11.2;
				MTL_ENABLE_DEBUG_INFO = YES;
				ONLY_ACTIVE_ARCH = YES;
				SDKROOT = iphoneos;
			};
			name = Debug;
		};
		FE7200D1202B6DD5003217B9 /* Release */ = {
			isa = XCBuildConfiguration;
			buildSettings = {
				ALWAYS_SEARCH_USER_PATHS = NO;
				CLANG_ANALYZER_NONNULL = YES;
				CLANG_ANALYZER_NUMBER_OBJECT_CONVERSION = YES_AGGRESSIVE;
				CLANG_CXX_LANGUAGE_STANDARD = "gnu++14";
				CLANG_CXX_LIBRARY = "libc++";
				CLANG_ENABLE_MODULES = YES;
				CLANG_ENABLE_OBJC_ARC = YES;
				CLANG_WARN_BLOCK_CAPTURE_AUTORELEASING = YES;
				CLANG_WARN_BOOL_CONVERSION = YES;
				CLANG_WARN_COMMA = YES;
				CLANG_WARN_CONSTANT_CONVERSION = YES;
				CLANG_WARN_DIRECT_OBJC_ISA_USAGE = YES_ERROR;
				CLANG_WARN_DOCUMENTATION_COMMENTS = YES;
				CLANG_WARN_EMPTY_BODY = YES;
				CLANG_WARN_ENUM_CONVERSION = YES;
				CLANG_WARN_INFINITE_RECURSION = YES;
				CLANG_WARN_INT_CONVERSION = YES;
				CLANG_WARN_NON_LITERAL_NULL_CONVERSION = YES;
				CLANG_WARN_OBJC_LITERAL_CONVERSION = YES;
				CLANG_WARN_OBJC_ROOT_CLASS = YES_ERROR;
				CLANG_WARN_RANGE_LOOP_ANALYSIS = YES;
				CLANG_WARN_STRICT_PROTOTYPES = YES;
				CLANG_WARN_SUSPICIOUS_MOVE = YES;
				CLANG_WARN_UNGUARDED_AVAILABILITY = YES_AGGRESSIVE;
				CLANG_WARN_UNREACHABLE_CODE = YES;
				CLANG_WARN__DUPLICATE_METHOD_MATCH = YES;
				CODE_SIGN_IDENTITY = "iPhone Developer";
				COPY_PHASE_STRIP = NO;
				DEBUG_INFORMATION_FORMAT = "dwarf-with-dsym";
				ENABLE_NS_ASSERTIONS = NO;
				ENABLE_STRICT_OBJC_MSGSEND = YES;
				GCC_C_LANGUAGE_STANDARD = gnu11;
				GCC_NO_COMMON_BLOCKS = YES;
				GCC_WARN_64_TO_32_BIT_CONVERSION = YES;
				GCC_WARN_ABOUT_RETURN_TYPE = YES_ERROR;
				GCC_WARN_UNDECLARED_SELECTOR = YES;
				GCC_WARN_UNINITIALIZED_AUTOS = YES_AGGRESSIVE;
				GCC_WARN_UNUSED_FUNCTION = YES;
				GCC_WARN_UNUSED_VARIABLE = YES;
				IPHONEOS_DEPLOYMENT_TARGET = 11.2;
				MTL_ENABLE_DEBUG_INFO = NO;
				SDKROOT = iphoneos;
				VALIDATE_PRODUCT = YES;
			};
			name = Release;
		};
		FE7200D3202B6DD5003217B9 /* Debug */ = {
			isa = XCBuildConfiguration;
			buildSettings = {
				ASSETCATALOG_COMPILER_APPICON_NAME = AppIcon;
				CODE_SIGN_STYLE = Automatic;
				DEVELOPMENT_TEAM = S4M5EG9HS8;
				INFOPLIST_FILE = AdoptAPet/Info.plist;
				LD_RUNPATH_SEARCH_PATHS = "$(inherited) @executable_path/Frameworks";
				PRODUCT_BUNDLE_IDENTIFIER = com.ryanmaksymic.AdoptAPet;
				PRODUCT_NAME = "$(TARGET_NAME)";
				TARGETED_DEVICE_FAMILY = "1,2";
			};
			name = Debug;
		};
		FE7200D4202B6DD5003217B9 /* Release */ = {
			isa = XCBuildConfiguration;
			buildSettings = {
				ASSETCATALOG_COMPILER_APPICON_NAME = AppIcon;
				CODE_SIGN_STYLE = Automatic;
				DEVELOPMENT_TEAM = S4M5EG9HS8;
				INFOPLIST_FILE = AdoptAPet/Info.plist;
				LD_RUNPATH_SEARCH_PATHS = "$(inherited) @executable_path/Frameworks";
				PRODUCT_BUNDLE_IDENTIFIER = com.ryanmaksymic.AdoptAPet;
				PRODUCT_NAME = "$(TARGET_NAME)";
				TARGETED_DEVICE_FAMILY = "1,2";
			};
			name = Release;
		};
/* End XCBuildConfiguration section */

/* Begin XCConfigurationList section */
		FE7200B7202B6DD5003217B9 /* Build configuration list for PBXProject "AdoptAPet" */ = {
			isa = XCConfigurationList;
			buildConfigurations = (
				FE7200D0202B6DD5003217B9 /* Debug */,
				FE7200D1202B6DD5003217B9 /* Release */,
			);
			defaultConfigurationIsVisible = 0;
			defaultConfigurationName = Release;
		};
		FE7200D2202B6DD5003217B9 /* Build configuration list for PBXNativeTarget "AdoptAPet" */ = {
			isa = XCConfigurationList;
			buildConfigurations = (
				FE7200D3202B6DD5003217B9 /* Debug */,
				FE7200D4202B6DD5003217B9 /* Release */,
			);
			defaultConfigurationIsVisible = 0;
			defaultConfigurationName = Release;
		};
/* End XCConfigurationList section */
	};
	rootObject = FE7200B4202B6DD5003217B9 /* Project object */;
}
